
Microsoft Visual Studio Solution File, Format Version 12.00
# Visual Studio 15
VisualStudioVersion = 15.0.28307.1062
MinimumVisualStudioVersion = 10.0.40219.1
Project("{9A19103F-16F7-4668-BE54-9A1E7A4F7556}") = "SalesTaxesCalculation", "SalesTaxesCalculation\SalesTaxesCalculation.csproj", "{B6BD94AF-624E-4E8E-A7D8-973BB3712D0A}"
EndProject
Project("{FAE04EC0-301F-11D3-BF4B-00C04F79EFBC}") = "SalesTaxesCalculation.UnitTests", "SalesTaxesCalculation.UnitTests\SalesTaxesCalculation.UnitTests.csproj", "{B1E690DF-1142-4757-BE2A-A3D35CA8775F}"
EndProject
Project("{FAE04EC0-301F-11D3-BF4B-00C04F79EFBC}") = "SalesTaxesCalculation.Core", "SalesTaxesCalculation.Core\SalesTaxesCalculation.Core.csproj", "{A5D9C421-8EE4-497C-9843-03C4DC9A2EF8}"
EndProject
Global
	GlobalSection(SolutionConfigurationPlatforms) = preSolution
		Debug|Any CPU = Debug|Any CPU
		Release|Any CPU = Release|Any CPU
	EndGlobalSection
	GlobalSection(ProjectConfigurationPlatforms) = postSolution
		{B6BD94AF-624E-4E8E-A7D8-973BB3712D0A}.Debug|Any CPU.ActiveCfg = Debug|Any CPU
		{B6BD94AF-624E-4E8E-A7D8-973BB3712D0A}.Debug|Any CPU.Build.0 = Debug|Any CPU
		{B6BD94AF-624E-4E8E-A7D8-973BB3712D0A}.Release|Any CPU.ActiveCfg = Release|Any CPU
		{B6BD94AF-624E-4E8E-A7D8-973BB3712D0A}.Release|Any CPU.Build.0 = Release|Any CPU
		{B1E690DF-1142-4757-BE2A-A3D35CA8775F}.Debug|Any CPU.ActiveCfg = Debug|Any CPU
		{B1E690DF-1142-4757-BE2A-A3D35CA8775F}.Debug|Any CPU.Build.0 = Debug|Any CPU
		{B1E690DF-1142-4757-BE2A-A3D35CA8775F}.Release|Any CPU.ActiveCfg = Release|Any CPU
		{B1E690DF-1142-4757-BE2A-A3D35CA8775F}.Release|Any CPU.Build.0 = Release|Any CPU
		{A5D9C421-8EE4-497C-9843-03C4DC9A2EF8}.Debug|Any CPU.ActiveCfg = Debug|Any CPU
		{A5D9C421-8EE4-497C-9843-03C4DC9A2EF8}.Debug|Any CPU.Build.0 = Debug|Any CPU
		{A5D9C421-8EE4-497C-9843-03C4DC9A2EF8}.Release|Any CPU.ActiveCfg = Release|Any CPU
		{A5D9C421-8EE4-497C-9843-03C4DC9A2EF8}.Release|Any CPU.Build.0 = Release|Any CPU
	EndGlobalSection
	GlobalSection(SolutionProperties) = preSolution
		HideSolutionNode = FALSE
	EndGlobalSection
	GlobalSection(ExtensibilityGlobals) = postSolution
		SolutionGuid = {31E1A0F5-BF94-4195-9B20-6FC9E3B04B58}
	EndGlobalSection
EndGlobal
